// !$*UTF8*$!
{
	archiveVersion = 1;
	classes = {
	};
	objectVersion = 77;
	objects = {

/* Begin PBXContainerItemProxy section */
		14E5D48B2E22F81000FB691C /* PBXContainerItemProxy */ = {
			isa = PBXContainerItemProxy;
			containerPortal = 14E5D4752E22F80E00FB691C /* Project object */;
			proxyType = 1;
			remoteGlobalIDString = 14E5D47C2E22F80F00FB691C;
			remoteInfo = SwiftfilSourceControl;
		};
		14E5D4952E22F81000FB691C /* PBXContainerItemProxy */ = {
			isa = PBXContainerItemProxy;
			containerPortal = 14E5D4752E22F80E00FB691C /* Project object */;
			proxyType = 1;
			remoteGlobalIDString = 14E5D47C2E22F80F00FB691C;
			remoteInfo = SwiftfilSourceControl;
		};
/* End PBXContainerItemProxy section */

/* Begin PBXFileReference section */
		14E5D47D2E22F80F00FB691C /* SwiftfilSourceControl.app */ = {isa = PBXFileReference; explicitFileType = wrapper.application; includeInIndex = 0; path = SwiftfilSourceControl.app; sourceTree = BUILT_PRODUCTS_DIR; };
		14E5D48A2E22F81000FB691C /* SwiftfilSourceControlTests.xctest */ = {isa = PBXFileReference; explicitFileType = wrapper.cfbundle; includeInIndex = 0; path = SwiftfilSourceControlTests.xctest; sourceTree = BUILT_PRODUCTS_DIR; };
		14E5D4942E22F81000FB691C /* SwiftfilSourceControlUITests.xctest */ = {isa = PBXFileReference; explicitFileType = wrapper.cfbundle; includeInIndex = 0; path = SwiftfilSourceControlUITests.xctest; sourceTree = BUILT_PRODUCTS_DIR; };
/* End PBXFileReference section */

/* Begin PBXFileSystemSynchronizedRootGroup section */
		14E5D47F2E22F80F00FB691C /* SwiftfilSourceControl */ = {
			isa = PBXFileSystemSynchronizedRootGroup;
			path = SwiftfilSourceControl;
			sourceTree = "<group>";
		};
		14E5D48D2E22F81000FB691C /* SwiftfilSourceControlTests */ = {
			isa = PBXFileSystemSynchronizedRootGroup;
			path = SwiftfilSourceControlTests;
			sourceTree = "<group>";
		};
		14E5D4972E22F81000FB691C /* SwiftfilSourceControlUITests */ = {
			isa = PBXFileSystemSynchronizedRootGroup;
			path = SwiftfilSourceControlUITests;
			sourceTree = "<group>";
		};
/* End PBXFileSystemSynchronizedRootGroup section */

/* Begin PBXFrameworksBuildPhase section */
		14E5D47A2E22F80F00FB691C /* Frameworks */ = {
			isa = PBXFrameworksBuildPhase;
			buildActionMask = 2147483647;
			files = (
			);
			runOnlyForDeploymentPostprocessing = 0;
		};
		14E5D4872E22F81000FB691C /* Frameworks */ = {
			isa = PBXFrameworksBuildPhase;
			buildActionMask = 2147483647;
			files = (
			);
			runOnlyForDeploymentPostprocessing = 0;
		};
		14E5D4912E22F81000FB691C /* Frameworks */ = {
			isa = PBXFrameworksBuildPhase;
			buildActionMask = 2147483647;
			files = (
			);
			runOnlyForDeploymentPostprocessing = 0;
		};
/* End PBXFrameworksBuildPhase section */

/* Begin PBXGroup section */
		14E5D4742E22F80E00FB691C = {
			isa = PBXGroup;
			children = (
				14E5D47F2E22F80F00FB691C /* SwiftfilSourceControl */,
				14E5D48D2E22F81000FB691C /* SwiftfilSourceControlTests */,
				14E5D4972E22F81000FB691C /* SwiftfilSourceControlUITests */,
				14E5D47E2E22F80F00FB691C /* Products */,
			);
			sourceTree = "<group>";
		};
		14E5D47E2E22F80F00FB691C /* Products */ = {
			isa = PBXGroup;
			children = (
				14E5D47D2E22F80F00FB691C /* SwiftfilSourceControl.app */,
				14E5D48A2E22F81000FB691C /* SwiftfilSourceControlTests.xctest */,
				14E5D4942E22F81000FB691C /* SwiftfilSourceControlUITests.xctest */,
			);
			name = Products;
			sourceTree = "<group>";
		};
/* End PBXGroup section */

/* Begin PBXNativeTarget section */
		14E5D47C2E22F80F00FB691C /* SwiftfilSourceControl */ = {
			isa = PBXNativeTarget;
			buildConfigurationList = 14E5D49E2E22F81000FB691C /* Build configuration list for PBXNativeTarget "SwiftfilSourceControl" */;
			buildPhases = (
				14E5D4792E22F80F00FB691C /* Sources */,
				14E5D47A2E22F80F00FB691C /* Frameworks */,
				14E5D47B2E22F80F00FB691C /* Resources */,
			);
			buildRules = (
			);
			dependencies = (
			);
			fileSystemSynchronizedGroups = (
				14E5D47F2E22F80F00FB691C /* SwiftfilSourceControl */,
			);
			name = SwiftfilSourceControl;
			packageProductDependencies = (
			);
			productName = SwiftfilSourceControl;
			productReference = 14E5D47D2E22F80F00FB691C /* SwiftfilSourceControl.app */;
			productType = "com.apple.product-type.application";
		};
		14E5D4892E22F81000FB691C /* SwiftfilSourceControlTests */ = {
			isa = PBXNativeTarget;
			buildConfigurationList = 14E5D4A12E22F81000FB691C /* Build configuration list for PBXNativeTarget "SwiftfilSourceControlTests" */;
			buildPhases = (
				14E5D4862E22F81000FB691C /* Sources */,
				14E5D4872E22F81000FB691C /* Frameworks */,
				14E5D4882E22F81000FB691C /* Resources */,
			);
			buildRules = (
			);
			dependencies = (
				14E5D48C2E22F81000FB691C /* PBXTargetDependency */,
			);
			fileSystemSynchronizedGroups = (
				14E5D48D2E22F81000FB691C /* SwiftfilSourceControlTests */,
			);
			name = SwiftfilSourceControlTests;
			packageProductDependencies = (
			);
			productName = SwiftfilSourceControlTests;
			productReference = 14E5D48A2E22F81000FB691C /* SwiftfilSourceControlTests.xctest */;
			productType = "com.apple.product-type.bundle.unit-test";
		};
		14E5D4932E22F81000FB691C /* SwiftfilSourceControlUITests */ = {
			isa = PBXNativeTarget;
			buildConfigurationList = 14E5D4A42E22F81000FB691C /* Build configuration list for PBXNativeTarget "SwiftfilSourceControlUITests" */;
			buildPhases = (
				14E5D4902E22F81000FB691C /* Sources */,
				14E5D4912E22F81000FB691C /* Frameworks */,
				14E5D4922E22F81000FB691C /* Resources */,
			);
			buildRules = (
			);
			dependencies = (
				14E5D4962E22F81000FB691C /* PBXTargetDependency */,
			);
			fileSystemSynchronizedGroups = (
				14E5D4972E22F81000FB691C /* SwiftfilSourceControlUITests */,
			);
			name = SwiftfilSourceControlUITests;
			packageProductDependencies = (
			);
			productName = SwiftfilSourceControlUITests;
			productReference = 14E5D4942E22F81000FB691C /* SwiftfilSourceControlUITests.xctest */;
			productType = "com.apple.product-type.bundle.ui-testing";
		};
/* End PBXNativeTarget section */

/* Begin PBXProject section */
		14E5D4752E22F80E00FB691C /* Project object */ = {
			isa = PBXProject;
			attributes = {
				BuildIndependentTargetsInParallel = 1;
				LastSwiftUpdateCheck = 1630;
				LastUpgradeCheck = 1630;
				TargetAttributes = {
					14E5D47C2E22F80F00FB691C = {
						CreatedOnToolsVersion = 16.3;
					};
					14E5D4892E22F81000FB691C = {
						CreatedOnToolsVersion = 16.3;
						TestTargetID = 14E5D47C2E22F80F00FB691C;
					};
					14E5D4932E22F81000FB691C = {
						CreatedOnToolsVersion = 16.3;
						TestTargetID = 14E5D47C2E22F80F00FB691C;
					};
				};
			};
			buildConfigurationList = 14E5D4782E22F80E00FB691C /* Build configuration list for PBXProject "SwiftfilSourceControl" */;
			developmentRegion = en;
			hasScannedForEncodings = 0;
			knownRegions = (
				en,
				Base,
			);
			mainGroup = 14E5D4742E22F80E00FB691C;
			minimizedProjectReferenceProxies = 1;
			preferredProjectObjectVersion = 77;
			productRefGroup = 14E5D47E2E22F80F00FB691C /* Products */;
			projectDirPath = "";
			projectRoot = "";
			targets = (
				14E5D47C2E22F80F00FB691C /* SwiftfilSourceControl */,
				14E5D4892E22F81000FB691C /* SwiftfilSourceControlTests */,
				14E5D4932E22F81000FB691C /* SwiftfilSourceControlUITests */,
			);
		};
/* End PBXProject section */

/* Begin PBXResourcesBuildPhase section */
		14E5D47B2E22F80F00FB691C /* Resources */ = {
			isa = PBXResourcesBuildPhase;
			buildActionMask = 2147483647;
			files = (
			);
			runOnlyForDeploymentPostprocessing = 0;
		};
		14E5D4882E22F81000FB691C /* Resources */ = {
			isa = PBXResourcesBuildPhase;
			buildActionMask = 2147483647;
			files = (
			);
			runOnlyForDeploymentPostprocessing = 0;
		};
		14E5D4922E22F81000FB691C /* Resources */ = {
			isa = PBXResourcesBuildPhase;
			buildActionMask = 2147483647;
			files = (
			);
			runOnlyForDeploymentPostprocessing = 0;
		};
/* End PBXResourcesBuildPhase section */

/* Begin PBXSourcesBuildPhase section */
		14E5D4792E22F80F00FB691C /* Sources */ = {
			isa = PBXSourcesBuildPhase;
			buildActionMask = 2147483647;
			files = (
			);
			runOnlyForDeploymentPostprocessing = 0;
		};
		14E5D4862E22F81000FB691C /* Sources */ = {
			isa = PBXSourcesBuildPhase;
			buildActionMask = 2147483647;
			files = (
			);
			runOnlyForDeploymentPostprocessing = 0;
		};
		14E5D4902E22F81000FB691C /* Sources */ = {
			isa = PBXSourcesBuildPhase;
			buildActionMask = 2147483647;
			files = (
			);
			runOnlyForDeploymentPostprocessing = 0;
		};
/* End PBXSourcesBuildPhase section */

/* Begin PBXTargetDependency section */
		14E5D48C2E22F81000FB691C /* PBXTargetDependency */ = {
			isa = PBXTargetDependency;
			target = 14E5D47C2E22F80F00FB691C /* SwiftfilSourceControl */;
			targetProxy = 14E5D48B2E22F81000FB691C /* PBXContainerItemProxy */;
		};
		14E5D4962E22F81000FB691C /* PBXTargetDependency */ = {
			isa = PBXTargetDependency;
			target = 14E5D47C2E22F80F00FB691C /* SwiftfilSourceControl */;
			targetProxy = 14E5D4952E22F81000FB691C /* PBXContainerItemProxy */;
		};
/* End PBXTargetDependency section */

/* Begin XCBuildConfiguration section */
		14E5D49C2E22F81000FB691C /* Debug */ = {
			isa = XCBuildConfiguration;
			buildSettings = {
				ALWAYS_SEARCH_USER_PATHS = NO;
				ASSETCATALOG_COMPILER_GENERATE_SWIFT_ASSET_SYMBOL_EXTENSIONS = YES;
				CLANG_ANALYZER_NONNULL = YES;
				CLANG_ANALYZER_NUMBER_OBJECT_CONVERSION = YES_AGGRESSIVE;
				CLANG_CXX_LANGUAGE_STANDARD = "gnu++20";
				CLANG_ENABLE_MODULES = YES;
				CLANG_ENABLE_OBJC_ARC = YES;
				CLANG_ENABLE_OBJC_WEAK = YES;
				CLANG_WARN_BLOCK_CAPTURE_AUTORELEASING = YES;
				CLANG_WARN_BOOL_CONVERSION = YES;
				CLANG_WARN_COMMA = YES;
				CLANG_WARN_CONSTANT_CONVERSION = YES;
				CLANG_WARN_DEPRECATED_OBJC_IMPLEMENTATIONS = YES;
				CLANG_WARN_DIRECT_OBJC_ISA_USAGE = YES_ERROR;
				CLANG_WARN_DOCUMENTATION_COMMENTS = YES;
				CLANG_WARN_EMPTY_BODY = YES;
				CLANG_WARN_ENUM_CONVERSION = YES;
				CLANG_WARN_INFINITE_RECURSION = YES;
				CLANG_WARN_INT_CONVERSION = YES;
				CLANG_WARN_NON_LITERAL_NULL_CONVERSION = YES;
				CLANG_WARN_OBJC_IMPLICIT_RETAIN_SELF = YES;
				CLANG_WARN_OBJC_LITERAL_CONVERSION = YES;
				CLANG_WARN_OBJC_ROOT_CLASS = YES_ERROR;
				CLANG_WARN_QUOTED_INCLUDE_IN_FRAMEWORK_HEADER = YES;
				CLANG_WARN_RANGE_LOOP_ANALYSIS = YES;
				CLANG_WARN_STRICT_PROTOTYPES = YES;
				CLANG_WARN_SUSPICIOUS_MOVE = YES;
				CLANG_WARN_UNGUARDED_AVAILABILITY = YES_AGGRESSIVE;
				CLANG_WARN_UNREACHABLE_CODE = YES;
				CLANG_WARN__DUPLICATE_METHOD_MATCH = YES;
				COPY_PHASE_STRIP = NO;
				DEBUG_INFORMATION_FORMAT = dwarf;
				DEVELOPMENT_TEAM = 445TH93K8F;
				ENABLE_STRICT_OBJC_MSGSEND = YES;
				ENABLE_TESTABILITY = YES;
				ENABLE_USER_SCRIPT_SANDBOXING = YES;
				GCC_C_LANGUAGE_STANDARD = gnu17;
				GCC_DYNAMIC_NO_PIC = NO;
				GCC_NO_COMMON_BLOCKS = YES;
				GCC_OPTIMIZATION_LEVEL = 0;
				GCC_PREPROCESSOR_DEFINITIONS = (
					"DEBUG=1",
					"$(inherited)",
				);
				GCC_WARN_64_TO_32_BIT_CONVERSION = YES;
				GCC_WARN_ABOUT_RETURN_TYPE = YES_ERROR;
				GCC_WARN_UNDECLARED_SELECTOR = YES;
				GCC_WARN_UNINITIALIZED_AUTOS = YES_AGGRESSIVE;
				GCC_WARN_UNUSED_FUNCTION = YES;
				GCC_WARN_UNUSED_VARIABLE = YES;
				IPHONEOS_DEPLOYMENT_TARGET = 18.4;
				LOCALIZATION_PREFERS_STRING_CATALOGS = YES;
				MTL_ENABLE_DEBUG_INFO = INCLUDE_SOURCE;
				MTL_FAST_MATH = YES;
				ONLY_ACTIVE_ARCH = YES;
				SDKROOT = iphoneos;
				SWIFT_ACTIVE_COMPILATION_CONDITIONS = "DEBUG $(inherited)";
				SWIFT_OPTIMIZATION_LEVEL = "-Onone";
			};
			name = Debug;
		};
		14E5D49D2E22F81000FB691C /* Release */ = {
			isa = XCBuildConfiguration;
			buildSettings = {
				ALWAYS_SEARCH_USER_PATHS = NO;
				ASSETCATALOG_COMPILER_GENERATE_SWIFT_ASSET_SYMBOL_EXTENSIONS = YES;
				CLANG_ANALYZER_NONNULL = YES;
				CLANG_ANALYZER_NUMBER_OBJECT_CONVERSION = YES_AGGRESSIVE;
				CLANG_CXX_LANGUAGE_STANDARD = "gnu++20";
				CLANG_ENABLE_MODULES = YES;
				CLANG_ENABLE_OBJC_ARC = YES;
				CLANG_ENABLE_OBJC_WEAK = YES;
				CLANG_WARN_BLOCK_CAPTURE_AUTORELEASING = YES;
				CLANG_WARN_BOOL_CONVERSION = YES;
				CLANG_WARN_COMMA = YES;
				CLANG_WARN_CONSTANT_CONVERSION = YES;
				CLANG_WARN_DEPRECATED_OBJC_IMPLEMENTATIONS = YES;
				CLANG_WARN_DIRECT_OBJC_ISA_USAGE = YES_ERROR;
				CLANG_WARN_DOCUMENTATION_COMMENTS = YES;
				CLANG_WARN_EMPTY_BODY = YES;
				CLANG_WARN_ENUM_CONVERSION = YES;
				CLANG_WARN_INFINITE_RECURSION = YES;
				CLANG_WARN_INT_CONVERSION = YES;
				CLANG_WARN_NON_LITERAL_NULL_CONVERSION = YES;
				CLANG_WARN_OBJC_IMPLICIT_RETAIN_SELF = YES;
				CLANG_WARN_OBJC_LITERAL_CONVERSION = YES;
				CLANG_WARN_OBJC_ROOT_CLASS = YES_ERROR;
				CLANG_WARN_QUOTED_INCLUDE_IN_FRAMEWORK_HEADER = YES;
				CLANG_WARN_RANGE_LOOP_ANALYSIS = YES;
				CLANG_WARN_STRICT_PROTOTYPES = YES;
				CLANG_WARN_SUSPICIOUS_MOVE = YES;
				CLANG_WARN_UNGUARDED_AVAILABILITY = YES_AGGRESSIVE;
				CLANG_WARN_UNREACHABLE_CODE = YES;
				CLANG_WARN__DUPLICATE_METHOD_MATCH = YES;
				COPY_PHASE_STRIP = NO;
				DEBUG_INFORMATION_FORMAT = "dwarf-with-dsym";
				DEVELOPMENT_TEAM = 445TH93K8F;
				ENABLE_NS_ASSERTIONS = NO;
				ENABLE_STRICT_OBJC_MSGSEND = YES;
				ENABLE_USER_SCRIPT_SANDBOXING = YES;
				GCC_C_LANGUAGE_STANDARD = gnu17;
				GCC_NO_COMMON_BLOCKS = YES;
				GCC_WARN_64_TO_32_BIT_CONVERSION = YES;
				GCC_WARN_ABOUT_RETURN_TYPE = YES_ERROR;
				GCC_WARN_UNDECLARED_SELECTOR = YES;
				GCC_WARN_UNINITIALIZED_AUTOS = YES_AGGRESSIVE;
				GCC_WARN_UNUSED_FUNCTION = YES;
				GCC_WARN_UNUSED_VARIABLE = YES;
				IPHONEOS_DEPLOYMENT_TARGET = 18.4;
				LOCALIZATION_PREFERS_STRING_CATALOGS = YES;
				MTL_ENABLE_DEBUG_INFO = NO;
				MTL_FAST_MATH = YES;
				SDKROOT = iphoneos;
				SWIFT_COMPILATION_MODE = wholemodule;
				VALIDATE_PRODUCT = YES;
			};
			name = Release;
		};
		14E5D49F2E22F81000FB691C /* Debug */ = {
			isa = XCBuildConfiguration;
			buildSettings = {
				ASSETCATALOG_COMPILER_APPICON_NAME = AppIcon;
				ASSETCATALOG_COMPILER_GLOBAL_ACCENT_COLOR_NAME = AccentColor;
				CODE_SIGN_STYLE = Automatic;
				CURRENT_PROJECT_VERSION = 1;
				DEVELOPMENT_TEAM = 445TH93K8F;
				ENABLE_PREVIEWS = YES;
				GENERATE_INFOPLIST_FILE = YES;
				INFOPLIST_KEY_UIApplicationSceneManifest_Generation = YES;
				INFOPLIST_KEY_UIApplicationSupportsIndirectInputEvents = YES;
				INFOPLIST_KEY_UILaunchScreen_Generation = YES;
				INFOPLIST_KEY_UISupportedInterfaceOrientations_iPad = "UIInterfaceOrientationPortrait UIInterfaceOrientationPortraitUpsideDown UIInterfaceOrientationLandscapeLeft UIInterfaceOrientationLandscapeRight";
				INFOPLIST_KEY_UISupportedInterfaceOrientations_iPhone = "UIInterfaceOrientationPortrait UIInterfaceOrientationLandscapeLeft UIInterfaceOrientationLandscapeRight";
				LD_RUNPATH_SEARCH_PATHS = (
					"$(inherited)",
					"@executable_path/Frameworks",
				);
				MARKETING_VERSION = 1.0;
				PRODUCT_BUNDLE_IDENTIFIER = com.myorganization.SwiftfilSourceControl;
				PRODUCT_NAME = "$(TARGET_NAME)";
				SWIFT_EMIT_LOC_STRINGS = YES;
				SWIFT_VERSION = 5.0;
				TARGETED_DEVICE_FAMILY = "1,2";
			};
			name = Debug;
		};
		14E5D4A02E22F81000FB691C /* Release */ = {
			isa = XCBuildConfiguration;
			buildSettings = {
				ASSETCATALOG_COMPILER_APPICON_NAME = AppIcon;
				ASSETCATALOG_COMPILER_GLOBAL_ACCENT_COLOR_NAME = AccentColor;
				CODE_SIGN_STYLE = Automatic;
				CURRENT_PROJECT_VERSION = 1;
				DEVELOPMENT_TEAM = 445TH93K8F;
				ENABLE_PREVIEWS = YES;
				GENERATE_INFOPLIST_FILE = YES;
				INFOPLIST_KEY_UIApplicationSceneManifest_Generation = YES;
				INFOPLIST_KEY_UIApplicationSupportsIndirectInputEvents = YES;
				INFOPLIST_KEY_UILaunchScreen_Generation = YES;
				INFOPLIST_KEY_UISupportedInterfaceOrientations_iPad = "UIInterfaceOrientationPortrait UIInterfaceOrientationPortraitUpsideDown UIInterfaceOrientationLandscapeLeft UIInterfaceOrientationLandscapeRight";
				INFOPLIST_KEY_UISupportedInterfaceOrientations_iPhone = "UIInterfaceOrientationPortrait UIInterfaceOrientationLandscapeLeft UIInterfaceOrientationLandscapeRight";
				LD_RUNPATH_SEARCH_PATHS = (
					"$(inherited)",
					"@executable_path/Frameworks",
				);
				MARKETING_VERSION = 1.0;
				PRODUCT_BUNDLE_IDENTIFIER = com.myorganization.SwiftfilSourceControl;
				PRODUCT_NAME = "$(TARGET_NAME)";
				SWIFT_EMIT_LOC_STRINGS = YES;
				SWIFT_VERSION = 5.0;
				TARGETED_DEVICE_FAMILY = "1,2";
			};
			name = Release;
		};
		14E5D4A22E22F81000FB691C /* Debug */ = {
			isa = XCBuildConfiguration;
			buildSettings = {
				BUNDLE_LOADER = "$(TEST_HOST)";
				CODE_SIGN_STYLE = Automatic;
				CURRENT_PROJECT_VERSION = 1;
				DEVELOPMENT_TEAM = 445TH93K8F;
				GENERATE_INFOPLIST_FILE = YES;
				IPHONEOS_DEPLOYMENT_TARGET = 18.4;
				MARKETING_VERSION = 1.0;
				PRODUCT_BUNDLE_IDENTIFIER = com.myorganization.SwiftfilSourceControlTests;
				PRODUCT_NAME = "$(TARGET_NAME)";
				SWIFT_EMIT_LOC_STRINGS = NO;
				SWIFT_VERSION = 5.0;
				TARGETED_DEVICE_FAMILY = "1,2";
				TEST_HOST = "$(BUILT_PRODUCTS_DIR)/SwiftfilSourceControl.app/$(BUNDLE_EXECUTABLE_FOLDER_PATH)/SwiftfilSourceControl";
			};
			name = Debug;
		};
		14E5D4A32E22F81000FB691C /* Release */ = {
			isa = XCBuildConfiguration;
			buildSettings = {
				BUNDLE_LOADER = "$(TEST_HOST)";
				CODE_SIGN_STYLE = Automatic;
				CURRENT_PROJECT_VERSION = 1;
				DEVELOPMENT_TEAM = 445TH93K8F;
				GENERATE_INFOPLIST_FILE = YES;
				IPHONEOS_DEPLOYMENT_TARGET = 18.4;
				MARKETING_VERSION = 1.0;
				PRODUCT_BUNDLE_IDENTIFIER = com.myorganization.SwiftfilSourceControlTests;
				PRODUCT_NAME = "$(TARGET_NAME)";
				SWIFT_EMIT_LOC_STRINGS = NO;
				SWIFT_VERSION = 5.0;
				TARGETED_DEVICE_FAMILY = "1,2";
				TEST_HOST = "$(BUILT_PRODUCTS_DIR)/SwiftfilSourceControl.app/$(BUNDLE_EXECUTABLE_FOLDER_PATH)/SwiftfilSourceControl";
			};
			name = Release;
		};
		14E5D4A52E22F81000FB691C /* Debug */ = {
			isa = XCBuildConfiguration;
			buildSettings = {
				CODE_SIGN_STYLE = Automatic;
				CURRENT_PROJECT_VERSION = 1;
				DEVELOPMENT_TEAM = 445TH93K8F;
				GENERATE_INFOPLIST_FILE = YES;
				MARKETING_VERSION = 1.0;
				PRODUCT_BUNDLE_IDENTIFIER = com.myorganization.SwiftfilSourceControlUITests;
				PRODUCT_NAME = "$(TARGET_NAME)";
				SWIFT_EMIT_LOC_STRINGS = NO;
				SWIFT_VERSION = 5.0;
				TARGETED_DEVICE_FAMILY = "1,2";
				TEST_TARGET_NAME = SwiftfilSourceControl;
			};
			name = Debug;
		};
		14E5D4A62E22F81000FB691C /* Release */ = {
			isa = XCBuildConfiguration;
			buildSettings = {
				CODE_SIGN_STYLE = Automatic;
				CURRENT_PROJECT_VERSION = 1;
				DEVELOPMENT_TEAM = 445TH93K8F;
				GENERATE_INFOPLIST_FILE = YES;
				MARKETING_VERSION = 1.0;
				PRODUCT_BUNDLE_IDENTIFIER = com.myorganization.SwiftfilSourceControlUITests;
				PRODUCT_NAME = "$(TARGET_NAME)";
				SWIFT_EMIT_LOC_STRINGS = NO;
				SWIFT_VERSION = 5.0;
				TARGETED_DEVICE_FAMILY = "1,2";
				TEST_TARGET_NAME = SwiftfilSourceControl;
			};
			name = Release;
		};
/* End XCBuildConfiguration section */

/* Begin XCConfigurationList section */
		14E5D4782E22F80E00FB691C /* Build configuration list for PBXProject "SwiftfilSourceControl" */ = {
			isa = XCConfigurationList;
			buildConfigurations = (
				14E5D49C2E22F81000FB691C /* Debug */,
				14E5D49D2E22F81000FB691C /* Release */,
			);
			defaultConfigurationIsVisible = 0;
			defaultConfigurationName = Release;
		};
		14E5D49E2E22F81000FB691C /* Build configuration list for PBXNativeTarget "SwiftfilSourceControl" */ = {
			isa = XCConfigurationList;
			buildConfigurations = (
				14E5D49F2E22F81000FB691C /* Debug */,
				14E5D4A02E22F81000FB691C /* Release */,
			);
			defaultConfigurationIsVisible = 0;
			defaultConfigurationName = Release;
		};
		14E5D4A12E22F81000FB691C /* Build configuration list for PBXNativeTarget "SwiftfilSourceControlTests" */ = {
			isa = XCConfigurationList;
			buildConfigurations = (
				14E5D4A22E22F81000FB691C /* Debug */,
				14E5D4A32E22F81000FB691C /* Release */,
			);
			defaultConfigurationIsVisible = 0;
			defaultConfigurationName = Release;
		};
		14E5D4A42E22F81000FB691C /* Build configuration list for PBXNativeTarget "SwiftfilSourceControlUITests" */ = {
			isa = XCConfigurationList;
			buildConfigurations = (
				14E5D4A52E22F81000FB691C /* Debug */,
				14E5D4A62E22F81000FB691C /* Release */,
			);
			defaultConfigurationIsVisible = 0;
			defaultConfigurationName = Release;
		};
/* End XCConfigurationList section */
	};
	rootObject = 14E5D4752E22F80E00FB691C /* Project object */;
}
